{
  "name": "speaky",
  "version": "1.0.0",
  "lockfileVersion": 1,
  "requires": true,
  "dependencies": {
    "@deepgram/sdk": {
      "version": "1.2.4",
      "resolved": "https://registry.npmjs.org/@deepgram/sdk/-/sdk-1.2.4.tgz",
      "integrity": "sha512-Ed4ngKCz5HiIEZWWR/bGmr/dW/f0UwpHImf5h3zya2bMNmBk8XuE8AULHmcAyQRxmpt4d7LQRW3BDHJiQafYBA==",
      "requires": {
        "ws": "^7.5.5"
      }
    },
    "ws": {
      "version": "7.5.7",
      "resolved": "https://registry.npmjs.org/ws/-/ws-7.5.7.tgz",
      "integrity": "sha512-KMvVuFzpKBuiIXW3E4u3mySRO2/mCHSyZDJQM5NQ9Q9KHWHWh0NHgfbRMLLrceUK5qAL4ytALJbpRMjixFZh8A=="
    }
  }
}
